// !$*UTF8*$!
{
	archiveVersion = 1;
	classes = {
	};
	objectVersion = 46;
	objects = {

/* Begin PBXBuildFile section */
		073808831D6B09E100AB52A8 /* main.m in Sources */ = {isa = PBXBuildFile; fileRef = 073808821D6B09E100AB52A8 /* main.m */; };
		073808861D6B09E100AB52A8 /* AppDelegate.m in Sources */ = {isa = PBXBuildFile; fileRef = 073808851D6B09E100AB52A8 /* AppDelegate.m */; };
		073808891D6B09E100AB52A8 /* ViewController.m in Sources */ = {isa = PBXBuildFile; fileRef = 073808881D6B09E100AB52A8 /* ViewController.m */; };
		0738088C1D6B09E100AB52A8 /* Main.storyboard in Resources */ = {isa = PBXBuildFile; fileRef = 0738088A1D6B09E100AB52A8 /* Main.storyboard */; };
		0738088E1D6B09E100AB52A8 /* Assets.xcassets in Resources */ = {isa = PBXBuildFile; fileRef = 0738088D1D6B09E100AB52A8 /* Assets.xcassets */; };
		073808911D6B09E100AB52A8 /* LaunchScreen.storyboard in Resources */ = {isa = PBXBuildFile; fileRef = 0738088F1D6B09E100AB52A8 /* LaunchScreen.storyboard */; };
		0738089F1D6B231700AB52A8 /* libc++.tbd in Frameworks */ = {isa = PBXBuildFile; fileRef = 0738089E1D6B231700AB52A8 /* libc++.tbd */; };
		073808A11D6B232000AB52A8 /* libz.tbd in Frameworks */ = {isa = PBXBuildFile; fileRef = 073808A01D6B232000AB52A8 /* libz.tbd */; };
		073808A31D6B232800AB52A8 /* SystemConfiguration.framework in Frameworks */ = {isa = PBXBuildFile; fileRef = 073808A21D6B232800AB52A8 /* SystemConfiguration.framework */; };
		073808A51D6B233900AB52A8 /* CoreTelephony.framework in Frameworks */ = {isa = PBXBuildFile; fileRef = 073808A41D6B233900AB52A8 /* CoreTelephony.framework */; };
		073808A71D6B234800AB52A8 /* CoreText.framework in Frameworks */ = {isa = PBXBuildFile; fileRef = 073808A61D6B234800AB52A8 /* CoreText.framework */; };
		073808A91D6B235300AB52A8 /* QuartzCore.framework in Frameworks */ = {isa = PBXBuildFile; fileRef = 073808A81D6B235300AB52A8 /* QuartzCore.framework */; };
		073808AB1D6B235E00AB52A8 /* CoreGraphics.framework in Frameworks */ = {isa = PBXBuildFile; fileRef = 073808AA1D6B235E00AB52A8 /* CoreGraphics.framework */; };
		073808AD1D6B236900AB52A8 /* CFNetwork.framework in Frameworks */ = {isa = PBXBuildFile; fileRef = 073808AC1D6B236900AB52A8 /* CFNetwork.framework */; };
		073808AF1D6B237300AB52A8 /* CoreMotion.framework in Frameworks */ = {isa = PBXBuildFile; fileRef = 073808AE1D6B237300AB52A8 /* CoreMotion.framework */; };
		07FA73461D6D9749005114DC /* AlipaySDK.framework in Frameworks */ = {isa = PBXBuildFile; fileRef = 07FA72DF1D6D9749005114DC /* AlipaySDK.framework */; };
		07FA73471D6D9749005114DC /* libcrypto.a in Frameworks */ = {isa = PBXBuildFile; fileRef = 07FA72E01D6D9749005114DC /* libcrypto.a */; };
		07FA73481D6D9749005114DC /* libssl.a in Frameworks */ = {isa = PBXBuildFile; fileRef = 07FA72E11D6D9749005114DC /* libssl.a */; };
		07FA73491D6D9749005114DC /* Order.m in Sources */ = {isa = PBXBuildFile; fileRef = 07FA732F1D6D9749005114DC /* Order.m */; };
		07FA734A1D6D9749005114DC /* base64.m in Sources */ = {isa = PBXBuildFile; fileRef = 07FA73321D6D9749005114DC /* base64.m */; };
		07FA734B1D6D9749005114DC /* DataSigner.m in Sources */ = {isa = PBXBuildFile; fileRef = 07FA73351D6D9749005114DC /* DataSigner.m */; };
		07FA734C1D6D9749005114DC /* DataVerifier.m in Sources */ = {isa = PBXBuildFile; fileRef = 07FA73371D6D9749005114DC /* DataVerifier.m */; };
		07FA734D1D6D9749005114DC /* MD5DataSigner.m in Sources */ = {isa = PBXBuildFile; fileRef = 07FA73391D6D9749005114DC /* MD5DataSigner.m */; };
		07FA734E1D6D9749005114DC /* NSDataEx.m in Sources */ = {isa = PBXBuildFile; fileRef = 07FA733B1D6D9749005114DC /* NSDataEx.m */; };
		07FA734F1D6D9749005114DC /* openssl_wrapper.m in Sources */ = {isa = PBXBuildFile; fileRef = 07FA733D1D6D9749005114DC /* openssl_wrapper.m */; };
		07FA73501D6D9749005114DC /* RSADataSigner.m in Sources */ = {isa = PBXBuildFile; fileRef = 07FA733F1D6D9749005114DC /* RSADataSigner.m */; };
		07FA73511D6D9749005114DC /* RSADataVerifier.m in Sources */ = {isa = PBXBuildFile; fileRef = 07FA73411D6D9749005114DC /* RSADataVerifier.m */; };
		07FA73521D6D9749005114DC /* AlipaySDK.bundle in Resources */ = {isa = PBXBuildFile; fileRef = 07FA73431D6D9749005114DC /* AlipaySDK.bundle */; };
		07FA73531D6D9749005114DC /* YJPayManger.m in Sources */ = {isa = PBXBuildFile; fileRef = 07FA73451D6D9749005114DC /* YJPayManger.m */; };
/* End PBXBuildFile section */

/* Begin PBXFileReference section */
		0738087E1D6B09E100AB52A8 /* YJPayToolDemo.app */ = {isa = PBXFileReference; explicitFileType = wrapper.application; includeInIndex = 0; path = YJPayToolDemo.app; sourceTree = BUILT_PRODUCTS_DIR; };
		073808821D6B09E100AB52A8 /* main.m */ = {isa = PBXFileReference; lastKnownFileType = sourcecode.c.objc; path = main.m; sourceTree = "<group>"; };
		073808841D6B09E100AB52A8 /* AppDelegate.h */ = {isa = PBXFileReference; lastKnownFileType = sourcecode.c.h; path = AppDelegate.h; sourceTree = "<group>"; };
		073808851D6B09E100AB52A8 /* AppDelegate.m */ = {isa = PBXFileReference; lastKnownFileType = sourcecode.c.objc; path = AppDelegate.m; sourceTree = "<group>"; };
		073808871D6B09E100AB52A8 /* ViewController.h */ = {isa = PBXFileReference; lastKnownFileType = sourcecode.c.h; path = ViewController.h; sourceTree = "<group>"; };
		073808881D6B09E100AB52A8 /* ViewController.m */ = {isa = PBXFileReference; lastKnownFileType = sourcecode.c.objc; path = ViewController.m; sourceTree = "<group>"; };
		0738088B1D6B09E100AB52A8 /* Base */ = {isa = PBXFileReference; lastKnownFileType = file.storyboard; name = Base; path = Base.lproj/Main.storyboard; sourceTree = "<group>"; };
		0738088D1D6B09E100AB52A8 /* Assets.xcassets */ = {isa = PBXFileReference; lastKnownFileType = folder.assetcatalog; path = Assets.xcassets; sourceTree = "<group>"; };
		073808901D6B09E100AB52A8 /* Base */ = {isa = PBXFileReference; lastKnownFileType = file.storyboard; name = Base; path = Base.lproj/LaunchScreen.storyboard; sourceTree = "<group>"; };
		073808921D6B09E100AB52A8 /* Info.plist */ = {isa = PBXFileReference; lastKnownFileType = text.plist.xml; path = Info.plist; sourceTree = "<group>"; };
		0738089E1D6B231700AB52A8 /* libc++.tbd */ = {isa = PBXFileReference; lastKnownFileType = "sourcecode.text-based-dylib-definition"; name = "libc++.tbd"; path = "usr/lib/libc++.tbd"; sourceTree = SDKROOT; };
		073808A01D6B232000AB52A8 /* libz.tbd */ = {isa = PBXFileReference; lastKnownFileType = "sourcecode.text-based-dylib-definition"; name = libz.tbd; path = usr/lib/libz.tbd; sourceTree = SDKROOT; };
		073808A21D6B232800AB52A8 /* SystemConfiguration.framework */ = {isa = PBXFileReference; lastKnownFileType = wrapper.framework; name = SystemConfiguration.framework; path = System/Library/Frameworks/SystemConfiguration.framework; sourceTree = SDKROOT; };
		073808A41D6B233900AB52A8 /* CoreTelephony.framework */ = {isa = PBXFileReference; lastKnownFileType = wrapper.framework; name = CoreTelephony.framework; path = System/Library/Frameworks/CoreTelephony.framework; sourceTree = SDKROOT; };
		073808A61D6B234800AB52A8 /* CoreText.framework */ = {isa = PBXFileReference; lastKnownFileType = wrapper.framework; name = CoreText.framework; path = System/Library/Frameworks/CoreText.framework; sourceTree = SDKROOT; };
		073808A81D6B235300AB52A8 /* QuartzCore.framework */ = {isa = PBXFileReference; lastKnownFileType = wrapper.framework; name = QuartzCore.framework; path = System/Library/Frameworks/QuartzCore.framework; sourceTree = SDKROOT; };
		073808AA1D6B235E00AB52A8 /* CoreGraphics.framework */ = {isa = PBXFileReference; lastKnownFileType = wrapper.framework; name = CoreGraphics.framework; path = System/Library/Frameworks/CoreGraphics.framework; sourceTree = SDKROOT; };
		073808AC1D6B236900AB52A8 /* CFNetwork.framework */ = {isa = PBXFileReference; lastKnownFileType = wrapper.framework; name = CFNetwork.framework; path = System/Library/Frameworks/CFNetwork.framework; sourceTree = SDKROOT; };
		073808AE1D6B237300AB52A8 /* CoreMotion.framework */ = {isa = PBXFileReference; lastKnownFileType = wrapper.framework; name = CoreMotion.framework; path = System/Library/Frameworks/CoreMotion.framework; sourceTree = SDKROOT; };
		07FA72DF1D6D9749005114DC /* AlipaySDK.framework */ = {isa = PBXFileReference; lastKnownFileType = wrapper.framework; path = AlipaySDK.framework; sourceTree = "<group>"; };
		07FA72E01D6D9749005114DC /* libcrypto.a */ = {isa = PBXFileReference; lastKnownFileType = archive.ar; path = libcrypto.a; sourceTree = "<group>"; };
		07FA72E11D6D9749005114DC /* libssl.a */ = {isa = PBXFileReference; lastKnownFileType = archive.ar; path = libssl.a; sourceTree = "<group>"; };
		07FA72E31D6D9749005114DC /* aes.h */ = {isa = PBXFileReference; fileEncoding = 4; lastKnownFileType = sourcecode.c.h; path = aes.h; sourceTree = "<group>"; };
		07FA72E41D6D9749005114DC /* asn1.h */ = {isa = PBXFileReference; fileEncoding = 4; lastKnownFileType = sourcecode.c.h; path = asn1.h; sourceTree = "<group>"; };
		07FA72E51D6D9749005114DC /* asn1_mac.h */ = {isa = PBXFileReference; fileEncoding = 4; lastKnownFileType = sourcecode.c.h; path = asn1_mac.h; sourceTree = "<group>"; };
		07FA72E61D6D9749005114DC /* asn1t.h */ = {isa = PBXFileReference; fileEncoding = 4; lastKnownFileType = sourcecode.c.h; path = asn1t.h; sourceTree = "<group>"; };
		07FA72E71D6D9749005114DC /* bio.h */ = {isa = PBXFileReference; fileEncoding = 4; lastKnownFileType = sourcecode.c.h; path = bio.h; sourceTree = "<group>"; };
		07FA72E81D6D9749005114DC /* blowfish.h */ = {isa = PBXFileReference; fileEncoding = 4; lastKnownFileType = sourcecode.c.h; path = blowfish.h; sourceTree = "<group>"; };
		07FA72E91D6D9749005114DC /* bn.h */ = {isa = PBXFileReference; fileEncoding = 4; lastKnownFileType = sourcecode.c.h; path = bn.h; sourceTree = "<group>"; };
		07FA72EA1D6D9749005114DC /* buffer.h */ = {isa = PBXFileReference; fileEncoding = 4; lastKnownFileType = sourcecode.c.h; path = buffer.h; sourceTree = "<group>"; };
		07FA72EB1D6D9749005114DC /* camellia.h */ = {isa = PBXFileReference; fileEncoding = 4; lastKnownFileType = sourcecode.c.h; path = camellia.h; sourceTree = "<group>"; };
		07FA72EC1D6D9749005114DC /* cast.h */ = {isa = PBXFileReference; fileEncoding = 4; lastKnownFileType = sourcecode.c.h; path = cast.h; sourceTree = "<group>"; };
		07FA72ED1D6D9749005114DC /* cmac.h */ = {isa = PBXFileReference; fileEncoding = 4; lastKnownFileType = sourcecode.c.h; path = cmac.h; sourceTree = "<group>"; };
		07FA72EE1D6D9749005114DC /* cms.h */ = {isa = PBXFileReference; fileEncoding = 4; lastKnownFileType = sourcecode.c.h; path = cms.h; sourceTree = "<group>"; };
		07FA72EF1D6D9749005114DC /* comp.h */ = {isa = PBXFileReference; fileEncoding = 4; lastKnownFileType = sourcecode.c.h; path = comp.h; sourceTree = "<group>"; };
		07FA72F01D6D9749005114DC /* conf.h */ = {isa = PBXFileReference; fileEncoding = 4; lastKnownFileType = sourcecode.c.h; path = conf.h; sourceTree = "<group>"; };
		07FA72F11D6D9749005114DC /* conf_api.h */ = {isa = PBXFileReference; fileEncoding = 4; lastKnownFileType = sourcecode.c.h; path = conf_api.h; sourceTree = "<group>"; };
		07FA72F21D6D9749005114DC /* crypto.h */ = {isa = PBXFileReference; fileEncoding = 4; lastKnownFileType = sourcecode.c.h; path = crypto.h; sourceTree = "<group>"; };
		07FA72F31D6D9749005114DC /* des.h */ = {isa = PBXFileReference; fileEncoding = 4; lastKnownFileType = sourcecode.c.h; path = des.h; sourceTree = "<group>"; };
		07FA72F41D6D9749005114DC /* des_old.h */ = {isa = PBXFileReference; fileEncoding = 4; lastKnownFileType = sourcecode.c.h; path = des_old.h; sourceTree = "<group>"; };
		07FA72F51D6D9749005114DC /* dh.h */ = {isa = PBXFileReference; fileEncoding = 4; lastKnownFileType = sourcecode.c.h; path = dh.h; sourceTree = "<group>"; };
		07FA72F61D6D9749005114DC /* dsa.h */ = {isa = PBXFileReference; fileEncoding = 4; lastKnownFileType = sourcecode.c.h; path = dsa.h; sourceTree = "<group>"; };
		07FA72F71D6D9749005114DC /* dso.h */ = {isa = PBXFileReference; fileEncoding = 4; lastKnownFileType = sourcecode.c.h; path = dso.h; sourceTree = "<group>"; };
		07FA72F81D6D9749005114DC /* dtls1.h */ = {isa = PBXFileReference; fileEncoding = 4; lastKnownFileType = sourcecode.c.h; path = dtls1.h; sourceTree = "<group>"; };
		07FA72F91D6D9749005114DC /* e_os2.h */ = {isa = PBXFileReference; fileEncoding = 4; lastKnownFileType = sourcecode.c.h; path = e_os2.h; sourceTree = "<group>"; };
		07FA72FA1D6D9749005114DC /* ebcdic.h */ = {isa = PBXFileReference; fileEncoding = 4; lastKnownFileType = sourcecode.c.h; path = ebcdic.h; sourceTree = "<group>"; };
		07FA72FB1D6D9749005114DC /* ec.h */ = {isa = PBXFileReference; fileEncoding = 4; lastKnownFileType = sourcecode.c.h; path = ec.h; sourceTree = "<group>"; };
		07FA72FC1D6D9749005114DC /* ecdh.h */ = {isa = PBXFileReference; fileEncoding = 4; lastKnownFileType = sourcecode.c.h; path = ecdh.h; sourceTree = "<group>"; };
		07FA72FD1D6D9749005114DC /* ecdsa.h */ = {isa = PBXFileReference; fileEncoding = 4; lastKnownFileType = sourcecode.c.h; path = ecdsa.h; sourceTree = "<group>"; };
		07FA72FE1D6D9749005114DC /* engine.h */ = {isa = PBXFileReference; fileEncoding = 4; lastKnownFileType = sourcecode.c.h; path = engine.h; sourceTree = "<group>"; };
		07FA72FF1D6D9749005114DC /* err.h */ = {isa = PBXFileReference; fileEncoding = 4; lastKnownFileType = sourcecode.c.h; path = err.h; sourceTree = "<group>"; };
		07FA73001D6D9749005114DC /* evp.h */ = {isa = PBXFileReference; fileEncoding = 4; lastKnownFileType = sourcecode.c.h; path = evp.h; sourceTree = "<group>"; };
		07FA73011D6D9749005114DC /* hmac.h */ = {isa = PBXFileReference; fileEncoding = 4; lastKnownFileType = sourcecode.c.h; path = hmac.h; sourceTree = "<group>"; };
		07FA73021D6D9749005114DC /* idea.h */ = {isa = PBXFileReference; fileEncoding = 4; lastKnownFileType = sourcecode.c.h; path = idea.h; sourceTree = "<group>"; };
		07FA73031D6D9749005114DC /* krb5_asn.h */ = {isa = PBXFileReference; fileEncoding = 4; lastKnownFileType = sourcecode.c.h; path = krb5_asn.h; sourceTree = "<group>"; };
		07FA73041D6D9749005114DC /* kssl.h */ = {isa = PBXFileReference; fileEncoding = 4; lastKnownFileType = sourcecode.c.h; path = kssl.h; sourceTree = "<group>"; };
		07FA73051D6D9749005114DC /* lhash.h */ = {isa = PBXFileReference; fileEncoding = 4; lastKnownFileType = sourcecode.c.h; path = lhash.h; sourceTree = "<group>"; };
		07FA73061D6D9749005114DC /* md4.h */ = {isa = PBXFileReference; fileEncoding = 4; lastKnownFileType = sourcecode.c.h; path = md4.h; sourceTree = "<group>"; };
		07FA73071D6D9749005114DC /* md5.h */ = {isa = PBXFileReference; fileEncoding = 4; lastKnownFileType = sourcecode.c.h; path = md5.h; sourceTree = "<group>"; };
		07FA73081D6D9749005114DC /* mdc2.h */ = {isa = PBXFileReference; fileEncoding = 4; lastKnownFileType = sourcecode.c.h; path = mdc2.h; sourceTree = "<group>"; };
		07FA73091D6D9749005114DC /* modes.h */ = {isa = PBXFileReference; fileEncoding = 4; lastKnownFileType = sourcecode.c.h; path = modes.h; sourceTree = "<group>"; };
		07FA730A1D6D9749005114DC /* obj_mac.h */ = {isa = PBXFileReference; fileEncoding = 4; lastKnownFileType = sourcecode.c.h; path = obj_mac.h; sourceTree = "<group>"; };
		07FA730B1D6D9749005114DC /* objects.h */ = {isa = PBXFileReference; fileEncoding = 4; lastKnownFileType = sourcecode.c.h; path = objects.h; sourceTree = "<group>"; };
		07FA730C1D6D9749005114DC /* ocsp.h */ = {isa = PBXFileReference; fileEncoding = 4; lastKnownFileType = sourcecode.c.h; path = ocsp.h; sourceTree = "<group>"; };
		07FA730D1D6D9749005114DC /* opensslconf.h */ = {isa = PBXFileReference; fileEncoding = 4; lastKnownFileType = sourcecode.c.h; path = opensslconf.h; sourceTree = "<group>"; };
		07FA730E1D6D9749005114DC /* opensslv.h */ = {isa = PBXFileReference; fileEncoding = 4; lastKnownFileType = sourcecode.c.h; path = opensslv.h; sourceTree = "<group>"; };
		07FA730F1D6D9749005114DC /* ossl_typ.h */ = {isa = PBXFileReference; fileEncoding = 4; lastKnownFileType = sourcecode.c.h; path = ossl_typ.h; sourceTree = "<group>"; };
		07FA73101D6D9749005114DC /* pem.h */ = {isa = PBXFileReference; fileEncoding = 4; lastKnownFileType = sourcecode.c.h; path = pem.h; sourceTree = "<group>"; };
		07FA73111D6D9749005114DC /* pem2.h */ = {isa = PBXFileReference; fileEncoding = 4; lastKnownFileType = sourcecode.c.h; path = pem2.h; sourceTree = "<group>"; };
		07FA73121D6D9749005114DC /* pkcs12.h */ = {isa = PBXFileReference; fileEncoding = 4; lastKnownFileType = sourcecode.c.h; path = pkcs12.h; sourceTree = "<group>"; };
		07FA73131D6D9749005114DC /* pkcs7.h */ = {isa = PBXFileReference; fileEncoding = 4; lastKnownFileType = sourcecode.c.h; path = pkcs7.h; sourceTree = "<group>"; };
		07FA73141D6D9749005114DC /* pqueue.h */ = {isa = PBXFileReference; fileEncoding = 4; lastKnownFileType = sourcecode.c.h; path = pqueue.h; sourceTree = "<group>"; };
		07FA73151D6D9749005114DC /* rand.h */ = {isa = PBXFileReference; fileEncoding = 4; lastKnownFileType = sourcecode.c.h; path = rand.h; sourceTree = "<group>"; };
		07FA73161D6D9749005114DC /* rc2.h */ = {isa = PBXFileReference; fileEncoding = 4; lastKnownFileType = sourcecode.c.h; path = rc2.h; sourceTree = "<group>"; };
		07FA73171D6D9749005114DC /* rc4.h */ = {isa = PBXFileReference; fileEncoding = 4; lastKnownFileType = sourcecode.c.h; path = rc4.h; sourceTree = "<group>"; };
		07FA73181D6D9749005114DC /* ripemd.h */ = {isa = PBXFileReference; fileEncoding = 4; lastKnownFileType = sourcecode.c.h; path = ripemd.h; sourceTree = "<group>"; };
		07FA73191D6D9749005114DC /* rsa.h */ = {isa = PBXFileReference; fileEncoding = 4; lastKnownFileType = sourcecode.c.h; path = rsa.h; sourceTree = "<group>"; };
		07FA731A1D6D9749005114DC /* safestack.h */ = {isa = PBXFileReference; fileEncoding = 4; lastKnownFileType = sourcecode.c.h; path = safestack.h; sourceTree = "<group>"; };
		07FA731B1D6D9749005114DC /* seed.h */ = {isa = PBXFileReference; fileEncoding = 4; lastKnownFileType = sourcecode.c.h; path = seed.h; sourceTree = "<group>"; };
		07FA731C1D6D9749005114DC /* sha.h */ = {isa = PBXFileReference; fileEncoding = 4; lastKnownFileType = sourcecode.c.h; path = sha.h; sourceTree = "<group>"; };
		07FA731D1D6D9749005114DC /* srp.h */ = {isa = PBXFileReference; fileEncoding = 4; lastKnownFileType = sourcecode.c.h; path = srp.h; sourceTree = "<group>"; };
		07FA731E1D6D9749005114DC /* srtp.h */ = {isa = PBXFileReference; fileEncoding = 4; lastKnownFileType = sourcecode.c.h; path = srtp.h; sourceTree = "<group>"; };
		07FA731F1D6D9749005114DC /* ssl.h */ = {isa = PBXFileReference; fileEncoding = 4; lastKnownFileType = sourcecode.c.h; path = ssl.h; sourceTree = "<group>"; };
		07FA73201D6D9749005114DC /* ssl2.h */ = {isa = PBXFileReference; fileEncoding = 4; lastKnownFileType = sourcecode.c.h; path = ssl2.h; sourceTree = "<group>"; };
		07FA73211D6D9749005114DC /* ssl23.h */ = {isa = PBXFileReference; fileEncoding = 4; lastKnownFileType = sourcecode.c.h; path = ssl23.h; sourceTree = "<group>"; };
		07FA73221D6D9749005114DC /* ssl3.h */ = {isa = PBXFileReference; fileEncoding = 4; lastKnownFileType = sourcecode.c.h; path = ssl3.h; sourceTree = "<group>"; };
		07FA73231D6D9749005114DC /* stack.h */ = {isa = PBXFileReference; fileEncoding = 4; lastKnownFileType = sourcecode.c.h; path = stack.h; sourceTree = "<group>"; };
		07FA73241D6D9749005114DC /* symhacks.h */ = {isa = PBXFileReference; fileEncoding = 4; lastKnownFileType = sourcecode.c.h; path = symhacks.h; sourceTree = "<group>"; };
		07FA73251D6D9749005114DC /* tls1.h */ = {isa = PBXFileReference; fileEncoding = 4; lastKnownFileType = sourcecode.c.h; path = tls1.h; sourceTree = "<group>"; };
		07FA73261D6D9749005114DC /* ts.h */ = {isa = PBXFileReference; fileEncoding = 4; lastKnownFileType = sourcecode.c.h; path = ts.h; sourceTree = "<group>"; };
		07FA73271D6D9749005114DC /* txt_db.h */ = {isa = PBXFileReference; fileEncoding = 4; lastKnownFileType = sourcecode.c.h; path = txt_db.h; sourceTree = "<group>"; };
		07FA73281D6D9749005114DC /* ui.h */ = {isa = PBXFileReference; fileEncoding = 4; lastKnownFileType = sourcecode.c.h; path = ui.h; sourceTree = "<group>"; };
		07FA73291D6D9749005114DC /* ui_compat.h */ = {isa = PBXFileReference; fileEncoding = 4; lastKnownFileType = sourcecode.c.h; path = ui_compat.h; sourceTree = "<group>"; };
		07FA732A1D6D9749005114DC /* whrlpool.h */ = {isa = PBXFileReference; fileEncoding = 4; lastKnownFileType = sourcecode.c.h; path = whrlpool.h; sourceTree = "<group>"; };
		07FA732B1D6D9749005114DC /* x509.h */ = {isa = PBXFileReference; fileEncoding = 4; lastKnownFileType = sourcecode.c.h; path = x509.h; sourceTree = "<group>"; };
		07FA732C1D6D9749005114DC /* x509_vfy.h */ = {isa = PBXFileReference; fileEncoding = 4; lastKnownFileType = sourcecode.c.h; path = x509_vfy.h; sourceTree = "<group>"; };
		07FA732D1D6D9749005114DC /* x509v3.h */ = {isa = PBXFileReference; fileEncoding = 4; lastKnownFileType = sourcecode.c.h; path = x509v3.h; sourceTree = "<group>"; };
		07FA732E1D6D9749005114DC /* Order.h */ = {isa = PBXFileReference; fileEncoding = 4; lastKnownFileType = sourcecode.c.h; path = Order.h; sourceTree = "<group>"; };
		07FA732F1D6D9749005114DC /* Order.m */ = {isa = PBXFileReference; fileEncoding = 4; lastKnownFileType = sourcecode.c.objc; path = Order.m; sourceTree = "<group>"; };
		07FA73311D6D9749005114DC /* base64.h */ = {isa = PBXFileReference; fileEncoding = 4; lastKnownFileType = sourcecode.c.h; path = base64.h; sourceTree = "<group>"; };
		07FA73321D6D9749005114DC /* base64.m */ = {isa = PBXFileReference; fileEncoding = 4; lastKnownFileType = sourcecode.c.objc; path = base64.m; sourceTree = "<group>"; };
		07FA73331D6D9749005114DC /* config.h */ = {isa = PBXFileReference; fileEncoding = 4; lastKnownFileType = sourcecode.c.h; path = config.h; sourceTree = "<group>"; };
		07FA73341D6D9749005114DC /* DataSigner.h */ = {isa = PBXFileReference; fileEncoding = 4; lastKnownFileType = sourcecode.c.h; path = DataSigner.h; sourceTree = "<group>"; };
		07FA73351D6D9749005114DC /* DataSigner.m */ = {isa = PBXFileReference; fileEncoding = 4; lastKnownFileType = sourcecode.c.objc; path = DataSigner.m; sourceTree = "<group>"; };
		07FA73361D6D9749005114DC /* DataVerifier.h */ = {isa = PBXFileReference; fileEncoding = 4; lastKnownFileType = sourcecode.c.h; path = DataVerifier.h; sourceTree = "<group>"; };
		07FA73371D6D9749005114DC /* DataVerifier.m */ = {isa = PBXFileReference; fileEncoding = 4; lastKnownFileType = sourcecode.c.objc; path = DataVerifier.m; sourceTree = "<group>"; };
		07FA73381D6D9749005114DC /* MD5DataSigner.h */ = {isa = PBXFileReference; fileEncoding = 4; lastKnownFileType = sourcecode.c.h; path = MD5DataSigner.h; sourceTree = "<group>"; };
		07FA73391D6D9749005114DC /* MD5DataSigner.m */ = {isa = PBXFileReference; fileEncoding = 4; lastKnownFileType = sourcecode.c.objc; path = MD5DataSigner.m; sourceTree = "<group>"; };
		07FA733A1D6D9749005114DC /* NSDataEx.h */ = {isa = PBXFileReference; fileEncoding = 4; lastKnownFileType = sourcecode.c.h; path = NSDataEx.h; sourceTree = "<group>"; };
		07FA733B1D6D9749005114DC /* NSDataEx.m */ = {isa = PBXFileReference; fileEncoding = 4; lastKnownFileType = sourcecode.c.objc; path = NSDataEx.m; sourceTree = "<group>"; };
		07FA733C1D6D9749005114DC /* openssl_wrapper.h */ = {isa = PBXFileReference; fileEncoding = 4; lastKnownFileType = sourcecode.c.h; path = openssl_wrapper.h; sourceTree = "<group>"; };
		07FA733D1D6D9749005114DC /* openssl_wrapper.m */ = {isa = PBXFileReference; fileEncoding = 4; lastKnownFileType = sourcecode.c.objc; path = openssl_wrapper.m; sourceTree = "<group>"; };
		07FA733E1D6D9749005114DC /* RSADataSigner.h */ = {isa = PBXFileReference; fileEncoding = 4; lastKnownFileType = sourcecode.c.h; path = RSADataSigner.h; sourceTree = "<group>"; };
		07FA733F1D6D9749005114DC /* RSADataSigner.m */ = {isa = PBXFileReference; fileEncoding = 4; lastKnownFileType = sourcecode.c.objc; path = RSADataSigner.m; sourceTree = "<group>"; };
		07FA73401D6D9749005114DC /* RSADataVerifier.h */ = {isa = PBXFileReference; fileEncoding = 4; lastKnownFileType = sourcecode.c.h; path = RSADataVerifier.h; sourceTree = "<group>"; };
		07FA73411D6D9749005114DC /* RSADataVerifier.m */ = {isa = PBXFileReference; fileEncoding = 4; lastKnownFileType = sourcecode.c.objc; path = RSADataVerifier.m; sourceTree = "<group>"; };
		07FA73431D6D9749005114DC /* AlipaySDK.bundle */ = {isa = PBXFileReference; lastKnownFileType = "wrapper.plug-in"; path = AlipaySDK.bundle; sourceTree = "<group>"; };
		07FA73441D6D9749005114DC /* YJPayManger.h */ = {isa = PBXFileReference; fileEncoding = 4; lastKnownFileType = sourcecode.c.h; path = YJPayManger.h; sourceTree = "<group>"; };
		07FA73451D6D9749005114DC /* YJPayManger.m */ = {isa = PBXFileReference; fileEncoding = 4; lastKnownFileType = sourcecode.c.objc; path = YJPayManger.m; sourceTree = "<group>"; };
/* End PBXFileReference section */

/* Begin PBXFrameworksBuildPhase section */
		0738087B1D6B09E100AB52A8 /* Frameworks */ = {
			isa = PBXFrameworksBuildPhase;
			buildActionMask = 2147483647;
			files = (
				073808AF1D6B237300AB52A8 /* CoreMotion.framework in Frameworks */,
				07FA73461D6D9749005114DC /* AlipaySDK.framework in Frameworks */,
				073808AD1D6B236900AB52A8 /* CFNetwork.framework in Frameworks */,
				073808AB1D6B235E00AB52A8 /* CoreGraphics.framework in Frameworks */,
				073808A91D6B235300AB52A8 /* QuartzCore.framework in Frameworks */,
				073808A71D6B234800AB52A8 /* CoreText.framework in Frameworks */,
				07FA73471D6D9749005114DC /* libcrypto.a in Frameworks */,
				073808A51D6B233900AB52A8 /* CoreTelephony.framework in Frameworks */,
				07FA73481D6D9749005114DC /* libssl.a in Frameworks */,
				073808A31D6B232800AB52A8 /* SystemConfiguration.framework in Frameworks */,
				073808A11D6B232000AB52A8 /* libz.tbd in Frameworks */,
				0738089F1D6B231700AB52A8 /* libc++.tbd in Frameworks */,
			);
			runOnlyForDeploymentPostprocessing = 0;
		};
/* End PBXFrameworksBuildPhase section */

/* Begin PBXGroup section */
		073808751D6B09E100AB52A8 = {
			isa = PBXGroup;
			children = (
				073808AE1D6B237300AB52A8 /* CoreMotion.framework */,
				073808AC1D6B236900AB52A8 /* CFNetwork.framework */,
				073808AA1D6B235E00AB52A8 /* CoreGraphics.framework */,
				073808A81D6B235300AB52A8 /* QuartzCore.framework */,
				073808A61D6B234800AB52A8 /* CoreText.framework */,
				073808A41D6B233900AB52A8 /* CoreTelephony.framework */,
				073808A21D6B232800AB52A8 /* SystemConfiguration.framework */,
				073808A01D6B232000AB52A8 /* libz.tbd */,
				0738089E1D6B231700AB52A8 /* libc++.tbd */,
				073808801D6B09E100AB52A8 /* YJPayToolDemo */,
				0738087F1D6B09E100AB52A8 /* Products */,
			);
			sourceTree = "<group>";
		};
		0738087F1D6B09E100AB52A8 /* Products */ = {
			isa = PBXGroup;
			children = (
				0738087E1D6B09E100AB52A8 /* YJPayToolDemo.app */,
			);
			name = Products;
			sourceTree = "<group>";
		};
		073808801D6B09E100AB52A8 /* YJPayToolDemo */ = {
			isa = PBXGroup;
			children = (
				07FA72DD1D6D9749005114DC /* YJPay */,
				073808841D6B09E100AB52A8 /* AppDelegate.h */,
				073808851D6B09E100AB52A8 /* AppDelegate.m */,
				073808871D6B09E100AB52A8 /* ViewController.h */,
				073808881D6B09E100AB52A8 /* ViewController.m */,
				0738088A1D6B09E100AB52A8 /* Main.storyboard */,
				0738088D1D6B09E100AB52A8 /* Assets.xcassets */,
				0738088F1D6B09E100AB52A8 /* LaunchScreen.storyboard */,
				073808921D6B09E100AB52A8 /* Info.plist */,
				073808811D6B09E100AB52A8 /* Supporting Files */,
			);
			path = YJPayToolDemo;
			sourceTree = "<group>";
		};
		073808811D6B09E100AB52A8 /* Supporting Files */ = {
			isa = PBXGroup;
			children = (
				073808821D6B09E100AB52A8 /* main.m */,
			);
			name = "Supporting Files";
			sourceTree = "<group>";
		};
		07FA72DD1D6D9749005114DC /* YJPay */ = {
			isa = PBXGroup;
			children = (
				07FA72DE1D6D9749005114DC /* AlipaySDK */,
				07FA73421D6D9749005114DC /* Resoce */,
				07FA73441D6D9749005114DC /* YJPayManger.h */,
				07FA73451D6D9749005114DC /* YJPayManger.m */,
			);
			path = YJPay;
			sourceTree = SOURCE_ROOT;
		};
		07FA72DE1D6D9749005114DC /* AlipaySDK */ = {
			isa = PBXGroup;
			children = (
				07FA72DF1D6D9749005114DC /* AlipaySDK.framework */,
				07FA72E01D6D9749005114DC /* libcrypto.a */,
				07FA72E11D6D9749005114DC /* libssl.a */,
				07FA72E21D6D9749005114DC /* openssl */,
				07FA732E1D6D9749005114DC /* Order.h */,
				07FA732F1D6D9749005114DC /* Order.m */,
				07FA73301D6D9749005114DC /* Util */,
			);
			path = AlipaySDK;
			sourceTree = "<group>";
		};
		07FA72E21D6D9749005114DC /* openssl */ = {
			isa = PBXGroup;
			children = (
				07FA72E31D6D9749005114DC /* aes.h */,
				07FA72E41D6D9749005114DC /* asn1.h */,
				07FA72E51D6D9749005114DC /* asn1_mac.h */,
				07FA72E61D6D9749005114DC /* asn1t.h */,
				07FA72E71D6D9749005114DC /* bio.h */,
				07FA72E81D6D9749005114DC /* blowfish.h */,
				07FA72E91D6D9749005114DC /* bn.h */,
				07FA72EA1D6D9749005114DC /* buffer.h */,
				07FA72EB1D6D9749005114DC /* camellia.h */,
				07FA72EC1D6D9749005114DC /* cast.h */,
				07FA72ED1D6D9749005114DC /* cmac.h */,
				07FA72EE1D6D9749005114DC /* cms.h */,
				07FA72EF1D6D9749005114DC /* comp.h */,
				07FA72F01D6D9749005114DC /* conf.h */,
				07FA72F11D6D9749005114DC /* conf_api.h */,
				07FA72F21D6D9749005114DC /* crypto.h */,
				07FA72F31D6D9749005114DC /* des.h */,
				07FA72F41D6D9749005114DC /* des_old.h */,
				07FA72F51D6D9749005114DC /* dh.h */,
				07FA72F61D6D9749005114DC /* dsa.h */,
				07FA72F71D6D9749005114DC /* dso.h */,
				07FA72F81D6D9749005114DC /* dtls1.h */,
				07FA72F91D6D9749005114DC /* e_os2.h */,
				07FA72FA1D6D9749005114DC /* ebcdic.h */,
				07FA72FB1D6D9749005114DC /* ec.h */,
				07FA72FC1D6D9749005114DC /* ecdh.h */,
				07FA72FD1D6D9749005114DC /* ecdsa.h */,
				07FA72FE1D6D9749005114DC /* engine.h */,
				07FA72FF1D6D9749005114DC /* err.h */,
				07FA73001D6D9749005114DC /* evp.h */,
				07FA73011D6D9749005114DC /* hmac.h */,
				07FA73021D6D9749005114DC /* idea.h */,
				07FA73031D6D9749005114DC /* krb5_asn.h */,
				07FA73041D6D9749005114DC /* kssl.h */,
				07FA73051D6D9749005114DC /* lhash.h */,
				07FA73061D6D9749005114DC /* md4.h */,
				07FA73071D6D9749005114DC /* md5.h */,
				07FA73081D6D9749005114DC /* mdc2.h */,
				07FA73091D6D9749005114DC /* modes.h */,
				07FA730A1D6D9749005114DC /* obj_mac.h */,
				07FA730B1D6D9749005114DC /* objects.h */,
				07FA730C1D6D9749005114DC /* ocsp.h */,
				07FA730D1D6D9749005114DC /* opensslconf.h */,
				07FA730E1D6D9749005114DC /* opensslv.h */,
				07FA730F1D6D9749005114DC /* ossl_typ.h */,
				07FA73101D6D9749005114DC /* pem.h */,
				07FA73111D6D9749005114DC /* pem2.h */,
				07FA73121D6D9749005114DC /* pkcs12.h */,
				07FA73131D6D9749005114DC /* pkcs7.h */,
				07FA73141D6D9749005114DC /* pqueue.h */,
				07FA73151D6D9749005114DC /* rand.h */,
				07FA73161D6D9749005114DC /* rc2.h */,
				07FA73171D6D9749005114DC /* rc4.h */,
				07FA73181D6D9749005114DC /* ripemd.h */,
				07FA73191D6D9749005114DC /* rsa.h */,
				07FA731A1D6D9749005114DC /* safestack.h */,
				07FA731B1D6D9749005114DC /* seed.h */,
				07FA731C1D6D9749005114DC /* sha.h */,
				07FA731D1D6D9749005114DC /* srp.h */,
				07FA731E1D6D9749005114DC /* srtp.h */,
				07FA731F1D6D9749005114DC /* ssl.h */,
				07FA73201D6D9749005114DC /* ssl2.h */,
				07FA73211D6D9749005114DC /* ssl23.h */,
				07FA73221D6D9749005114DC /* ssl3.h */,
				07FA73231D6D9749005114DC /* stack.h */,
				07FA73241D6D9749005114DC /* symhacks.h */,
				07FA73251D6D9749005114DC /* tls1.h */,
				07FA73261D6D9749005114DC /* ts.h */,
				07FA73271D6D9749005114DC /* txt_db.h */,
				07FA73281D6D9749005114DC /* ui.h */,
				07FA73291D6D9749005114DC /* ui_compat.h */,
				07FA732A1D6D9749005114DC /* whrlpool.h */,
				07FA732B1D6D9749005114DC /* x509.h */,
				07FA732C1D6D9749005114DC /* x509_vfy.h */,
				07FA732D1D6D9749005114DC /* x509v3.h */,
			);
			path = openssl;
			sourceTree = "<group>";
		};
		07FA73301D6D9749005114DC /* Util */ = {
			isa = PBXGroup;
			children = (
				07FA73311D6D9749005114DC /* base64.h */,
				07FA73321D6D9749005114DC /* base64.m */,
				07FA73331D6D9749005114DC /* config.h */,
				07FA73341D6D9749005114DC /* DataSigner.h */,
				07FA73351D6D9749005114DC /* DataSigner.m */,
				07FA73361D6D9749005114DC /* DataVerifier.h */,
				07FA73371D6D9749005114DC /* DataVerifier.m */,
				07FA73381D6D9749005114DC /* MD5DataSigner.h */,
				07FA73391D6D9749005114DC /* MD5DataSigner.m */,
				07FA733A1D6D9749005114DC /* NSDataEx.h */,
				07FA733B1D6D9749005114DC /* NSDataEx.m */,
				07FA733C1D6D9749005114DC /* openssl_wrapper.h */,
				07FA733D1D6D9749005114DC /* openssl_wrapper.m */,
				07FA733E1D6D9749005114DC /* RSADataSigner.h */,
				07FA733F1D6D9749005114DC /* RSADataSigner.m */,
				07FA73401D6D9749005114DC /* RSADataVerifier.h */,
				07FA73411D6D9749005114DC /* RSADataVerifier.m */,
			);
			path = Util;
			sourceTree = "<group>";
		};
		07FA73421D6D9749005114DC /* Resoce */ = {
			isa = PBXGroup;
			children = (
				07FA73431D6D9749005114DC /* AlipaySDK.bundle */,
			);
			path = Resoce;
			sourceTree = "<group>";
		};
/* End PBXGroup section */

/* Begin PBXNativeTarget section */
		0738087D1D6B09E100AB52A8 /* YJPayToolDemo */ = {
			isa = PBXNativeTarget;
			buildConfigurationList = 073808951D6B09E100AB52A8 /* Build configuration list for PBXNativeTarget "YJPayToolDemo" */;
			buildPhases = (
				0738087A1D6B09E100AB52A8 /* Sources */,
				0738087B1D6B09E100AB52A8 /* Frameworks */,
				0738087C1D6B09E100AB52A8 /* Resources */,
			);
			buildRules = (
			);
			dependencies = (
			);
			name = YJPayToolDemo;
			productName = YJPayToolDemo;
			productReference = 0738087E1D6B09E100AB52A8 /* YJPayToolDemo.app */;
			productType = "com.apple.product-type.application";
		};
/* End PBXNativeTarget section */

/* Begin PBXProject section */
		073808761D6B09E100AB52A8 /* Project object */ = {
			isa = PBXProject;
			attributes = {
				CLASSPREFIX = YJ;
				LastUpgradeCheck = 0730;
				ORGANIZATIONNAME = coderYJ;
				TargetAttributes = {
					0738087D1D6B09E100AB52A8 = {
						CreatedOnToolsVersion = 7.3.1;
						DevelopmentTeam = U7578A73C3;
					};
				};
			};
			buildConfigurationList = 073808791D6B09E100AB52A8 /* Build configuration list for PBXProject "YJPayToolDemo" */;
			compatibilityVersion = "Xcode 3.2";
			developmentRegion = English;
			hasScannedForEncodings = 0;
			knownRegions = (
				en,
				Base,
			);
			mainGroup = 073808751D6B09E100AB52A8;
			productRefGroup = 0738087F1D6B09E100AB52A8 /* Products */;
			projectDirPath = "";
			projectRoot = "";
			targets = (
				0738087D1D6B09E100AB52A8 /* YJPayToolDemo */,
			);
		};
/* End PBXProject section */

/* Begin PBXResourcesBuildPhase section */
		0738087C1D6B09E100AB52A8 /* Resources */ = {
			isa = PBXResourcesBuildPhase;
			buildActionMask = 2147483647;
			files = (
				073808911D6B09E100AB52A8 /* LaunchScreen.storyboard in Resources */,
				0738088E1D6B09E100AB52A8 /* Assets.xcassets in Resources */,
				07FA73521D6D9749005114DC /* AlipaySDK.bundle in Resources */,
				0738088C1D6B09E100AB52A8 /* Main.storyboard in Resources */,
			);
			runOnlyForDeploymentPostprocessing = 0;
		};
/* End PBXResourcesBuildPhase section */

/* Begin PBXSourcesBuildPhase section */
		0738087A1D6B09E100AB52A8 /* Sources */ = {
			isa = PBXSourcesBuildPhase;
			buildActionMask = 2147483647;
			files = (
				07FA734A1D6D9749005114DC /* base64.m in Sources */,
				073808891D6B09E100AB52A8 /* ViewController.m in Sources */,
				07FA734E1D6D9749005114DC /* NSDataEx.m in Sources */,
				07FA734D1D6D9749005114DC /* MD5DataSigner.m in Sources */,
				07FA73511D6D9749005114DC /* RSADataVerifier.m in Sources */,
				073808861D6B09E100AB52A8 /* AppDelegate.m in Sources */,
				07FA734B1D6D9749005114DC /* DataSigner.m in Sources */,
				07FA73501D6D9749005114DC /* RSADataSigner.m in Sources */,
				07FA734F1D6D9749005114DC /* openssl_wrapper.m in Sources */,
				07FA73491D6D9749005114DC /* Order.m in Sources */,
				07FA73531D6D9749005114DC /* YJPayManger.m in Sources */,
				073808831D6B09E100AB52A8 /* main.m in Sources */,
				07FA734C1D6D9749005114DC /* DataVerifier.m in Sources */,
			);
			runOnlyForDeploymentPostprocessing = 0;
		};
/* End PBXSourcesBuildPhase section */

/* Begin PBXVariantGroup section */
		0738088A1D6B09E100AB52A8 /* Main.storyboard */ = {
			isa = PBXVariantGroup;
			children = (
				0738088B1D6B09E100AB52A8 /* Base */,
			);
			name = Main.storyboard;
			sourceTree = "<group>";
		};
		0738088F1D6B09E100AB52A8 /* LaunchScreen.storyboard */ = {
			isa = PBXVariantGroup;
			children = (
				073808901D6B09E100AB52A8 /* Base */,
			);
			name = LaunchScreen.storyboard;
			sourceTree = "<group>";
		};
/* End PBXVariantGroup section */

/* Begin XCBuildConfiguration section */
		073808931D6B09E100AB52A8 /* Debug */ = {
			isa = XCBuildConfiguration;
			buildSettings = {
				ALWAYS_SEARCH_USER_PATHS = NO;
				CLANG_ANALYZER_NONNULL = YES;
				CLANG_CXX_LANGUAGE_STANDARD = "gnu++0x";
				CLANG_CXX_LIBRARY = "libc++";
				CLANG_ENABLE_MODULES = YES;
				CLANG_ENABLE_OBJC_ARC = YES;
				CLANG_WARN_BOOL_CONVERSION = YES;
				CLANG_WARN_CONSTANT_CONVERSION = YES;
				CLANG_WARN_DIRECT_OBJC_ISA_USAGE = YES_ERROR;
				CLANG_WARN_EMPTY_BODY = YES;
				CLANG_WARN_ENUM_CONVERSION = YES;
				CLANG_WARN_INT_CONVERSION = YES;
				CLANG_WARN_OBJC_ROOT_CLASS = YES_ERROR;
				CLANG_WARN_UNREACHABLE_CODE = YES;
				CLANG_WARN__DUPLICATE_METHOD_MATCH = YES;
				"CODE_SIGN_IDENTITY[sdk=iphoneos*]" = "iPhone Developer";
				COPY_PHASE_STRIP = NO;
				DEBUG_INFORMATION_FORMAT = dwarf;
				ENABLE_STRICT_OBJC_MSGSEND = YES;
				ENABLE_TESTABILITY = YES;
				GCC_C_LANGUAGE_STANDARD = gnu99;
				GCC_DYNAMIC_NO_PIC = NO;
				GCC_NO_COMMON_BLOCKS = YES;
				GCC_OPTIMIZATION_LEVEL = 0;
				GCC_PREPROCESSOR_DEFINITIONS = (
					"DEBUG=1",
					"$(inherited)",
				);
				GCC_WARN_64_TO_32_BIT_CONVERSION = YES;
				GCC_WARN_ABOUT_RETURN_TYPE = YES_ERROR;
				GCC_WARN_UNDECLARED_SELECTOR = YES;
				GCC_WARN_UNINITIALIZED_AUTOS = YES_AGGRESSIVE;
				GCC_WARN_UNUSED_FUNCTION = YES;
				GCC_WARN_UNUSED_VARIABLE = YES;
				IPHONEOS_DEPLOYMENT_TARGET = 9.3;
				MTL_ENABLE_DEBUG_INFO = YES;
				ONLY_ACTIVE_ARCH = YES;
				SDKROOT = iphoneos;
			};
			name = Debug;
		};
		073808941D6B09E100AB52A8 /* Release */ = {
			isa = XCBuildConfiguration;
			buildSettings = {
				ALWAYS_SEARCH_USER_PATHS = NO;
				CLANG_ANALYZER_NONNULL = YES;
				CLANG_CXX_LANGUAGE_STANDARD = "gnu++0x";
				CLANG_CXX_LIBRARY = "libc++";
				CLANG_ENABLE_MODULES = YES;
				CLANG_ENABLE_OBJC_ARC = YES;
				CLANG_WARN_BOOL_CONVERSION = YES;
				CLANG_WARN_CONSTANT_CONVERSION = YES;
				CLANG_WARN_DIRECT_OBJC_ISA_USAGE = YES_ERROR;
				CLANG_WARN_EMPTY_BODY = YES;
				CLANG_WARN_ENUM_CONVERSION = YES;
				CLANG_WARN_INT_CONVERSION = YES;
				CLANG_WARN_OBJC_ROOT_CLASS = YES_ERROR;
				CLANG_WARN_UNREACHABLE_CODE = YES;
				CLANG_WARN__DUPLICATE_METHOD_MATCH = YES;
				"CODE_SIGN_IDENTITY[sdk=iphoneos*]" = "iPhone Developer";
				COPY_PHASE_STRIP = NO;
				DEBUG_INFORMATION_FORMAT = "dwarf-with-dsym";
				ENABLE_NS_ASSERTIONS = NO;
				ENABLE_STRICT_OBJC_MSGSEND = YES;
				GCC_C_LANGUAGE_STANDARD = gnu99;
				GCC_NO_COMMON_BLOCKS = YES;
				GCC_WARN_64_TO_32_BIT_CONVERSION = YES;
				GCC_WARN_ABOUT_RETURN_TYPE = YES_ERROR;
				GCC_WARN_UNDECLARED_SELECTOR = YES;
				GCC_WARN_UNINITIALIZED_AUTOS = YES_AGGRESSIVE;
				GCC_WARN_UNUSED_FUNCTION = YES;
				GCC_WARN_UNUSED_VARIABLE = YES;
				IPHONEOS_DEPLOYMENT_TARGET = 9.3;
				MTL_ENABLE_DEBUG_INFO = NO;
				SDKROOT = iphoneos;
				VALIDATE_PRODUCT = YES;
			};
			name = Release;
		};
		073808961D6B09E100AB52A8 /* Debug */ = {
			isa = XCBuildConfiguration;
			buildSettings = {
				ASSETCATALOG_COMPILER_APPICON_NAME = AppIcon;
				FRAMEWORK_SEARCH_PATHS = (
					"$(inherited)",
					"$(PROJECT_DIR)/YJPayToll/AliPay",
					"$(PROJECT_DIR)/YJPayToll/AlipaySDK",
					"$(PROJECT_DIR)/YJPayTool/AlipaySDK",
					"$(PROJECT_DIR)/YJPay/AlipaySDK",
				);
				HEADER_SEARCH_PATHS = YJPay/AlipaySDK;
				INFOPLIST_FILE = YJPayToolDemo/Info.plist;
				LD_RUNPATH_SEARCH_PATHS = "$(inherited) @executable_path/Frameworks";
				LIBRARY_SEARCH_PATHS = (
					"$(inherited)",
					"$(PROJECT_DIR)/YJPayToll/AlipaySDK",
					"$(PROJECT_DIR)/YJPayTool/AlipaySDK",
					"$(PROJECT_DIR)/YJPay/AlipaySDK",
				);
				PRODUCT_BUNDLE_IDENTIFIER = com.coderYJ.YJPayToolDemo;
				PRODUCT_NAME = "$(TARGET_NAME)";
			};
			name = Debug;
		};
		073808971D6B09E100AB52A8 /* Release */ = {
			isa = XCBuildConfiguration;
			buildSettings = {
				ASSETCATALOG_COMPILER_APPICON_NAME = AppIcon;
				FRAMEWORK_SEARCH_PATHS = (
					"$(inherited)",
					"$(PROJECT_DIR)/YJPayToll/AliPay",
					"$(PROJECT_DIR)/YJPayToll/AlipaySDK",
					"$(PROJECT_DIR)/YJPayTool/AlipaySDK",
					"$(PROJECT_DIR)/YJPay/AlipaySDK",
				);
				HEADER_SEARCH_PATHS = YJPay/AlipaySDK;
				INFOPLIST_FILE = YJPayToolDemo/Info.plist;
				LD_RUNPATH_SEARCH_PATHS = "$(inherited) @executable_path/Frameworks";
				LIBRARY_SEARCH_PATHS = (
					"$(inherited)",
					"$(PROJECT_DIR)/YJPayToll/AlipaySDK",
					"$(PROJECT_DIR)/YJPayTool/AlipaySDK",
					"$(PROJECT_DIR)/YJPay/AlipaySDK",
				);
				PRODUCT_BUNDLE_IDENTIFIER = com.coderYJ.YJPayToolDemo;
				PRODUCT_NAME = "$(TARGET_NAME)";
			};
			name = Release;
		};
/* End XCBuildConfiguration section */

/* Begin XCConfigurationList section */
		073808791D6B09E100AB52A8 /* Build configuration list for PBXProject "YJPayToolDemo" */ = {
			isa = XCConfigurationList;
			buildConfigurations = (
				073808931D6B09E100AB52A8 /* Debug */,
				073808941D6B09E100AB52A8 /* Release */,
			);
			defaultConfigurationIsVisible = 0;
			defaultConfigurationName = Release;
		};
		073808951D6B09E100AB52A8 /* Build configuration list for PBXNativeTarget "YJPayToolDemo" */ = {
			isa = XCConfigurationList;
			buildConfigurations = (
				073808961D6B09E100AB52A8 /* Debug */,
				073808971D6B09E100AB52A8 /* Release */,
			);
			defaultConfigurationIsVisible = 0;
			defaultConfigurationName = Release;
		};
/* End XCConfigurationList section */
	};
	rootObject = 073808761D6B09E100AB52A8 /* Project object */;
}
